// !$*UTF8*$!
{
	archiveVersion = 1;
	classes = {
	};
	objectVersion = 50;
	objects = {

/* Begin PBXBuildFile section */
		935DCA74269A6F1000AD5FD5 /* RoundedImageView.swift in Sources */ = {isa = PBXBuildFile; fileRef = 935DCA73269A6F1000AD5FD5 /* RoundedImageView.swift */; };
		935DCA78269A70C700AD5FD5 /* Coordinator.swift in Sources */ = {isa = PBXBuildFile; fileRef = 935DCA77269A70C700AD5FD5 /* Coordinator.swift */; };
		935DCA7C269A71AC00AD5FD5 /* AppCoordinator.swift in Sources */ = {isa = PBXBuildFile; fileRef = 935DCA7B269A71AC00AD5FD5 /* AppCoordinator.swift */; };
		935DCA85269A769400AD5FD5 /* RecipeCoordinator.swift in Sources */ = {isa = PBXBuildFile; fileRef = 935DCA84269A769400AD5FD5 /* RecipeCoordinator.swift */; };
		935DCA88269A77EE00AD5FD5 /* RecipeListViewModel.swift in Sources */ = {isa = PBXBuildFile; fileRef = 935DCA87269A77EE00AD5FD5 /* RecipeListViewModel.swift */; };
		935DCA8B269A7B0000AD5FD5 /* String+Localization.swift in Sources */ = {isa = PBXBuildFile; fileRef = 935DCA8A269A7B0000AD5FD5 /* String+Localization.swift */; };
		935DCA8E269A952D00AD5FD5 /* RecipeDetailViewController.swift in Sources */ = {isa = PBXBuildFile; fileRef = 935DCA8D269A952D00AD5FD5 /* RecipeDetailViewController.swift */; };
		935DCA91269A97C000AD5FD5 /* RecipeDetailViewModel.swift in Sources */ = {isa = PBXBuildFile; fileRef = 935DCA90269A97C000AD5FD5 /* RecipeDetailViewModel.swift */; };
		935DCA93269A9DA000AD5FD5 /* RecipeDetailHeaderCell.swift in Sources */ = {isa = PBXBuildFile; fileRef = 935DCA92269A9DA000AD5FD5 /* RecipeDetailHeaderCell.swift */; };
		935DCA95269ABD6800AD5FD5 /* RecipeDetailMainDataCell.swift in Sources */ = {isa = PBXBuildFile; fileRef = 935DCA94269ABD6800AD5FD5 /* RecipeDetailMainDataCell.swift */; };
		935DCA98269AD49A00AD5FD5 /* RecipeDescriptionCell.swift in Sources */ = {isa = PBXBuildFile; fileRef = 935DCA97269AD49A00AD5FD5 /* RecipeDescriptionCell.swift */; };
		939FC813269C09010099DF9B /* ReusableView.swift in Sources */ = {isa = PBXBuildFile; fileRef = 939FC812269C09010099DF9B /* ReusableView.swift */; };
		939FC817269C0A870099DF9B /* UILabel+Custom.swift in Sources */ = {isa = PBXBuildFile; fileRef = 939FC816269C0A870099DF9B /* UILabel+Custom.swift */; };
		939FC819269C10A40099DF9B /* RecipeIngredientCell.swift in Sources */ = {isa = PBXBuildFile; fileRef = 939FC818269C10A40099DF9B /* RecipeIngredientCell.swift */; };
		93DAE19F269A4E0A0020CC7B /* AppDelegate.swift in Sources */ = {isa = PBXBuildFile; fileRef = 93DAE19E269A4E0A0020CC7B /* AppDelegate.swift */; };
		93DAE1A1269A4E0A0020CC7B /* SceneDelegate.swift in Sources */ = {isa = PBXBuildFile; fileRef = 93DAE1A0269A4E0A0020CC7B /* SceneDelegate.swift */; };
		93DAE1A8269A4E130020CC7B /* Assets.xcassets in Resources */ = {isa = PBXBuildFile; fileRef = 93DAE1A7269A4E130020CC7B /* Assets.xcassets */; };
		93DAE1AB269A4E130020CC7B /* LaunchScreen.storyboard in Resources */ = {isa = PBXBuildFile; fileRef = 93DAE1A9269A4E130020CC7B /* LaunchScreen.storyboard */; };
		93DAE1B3269A50AC0020CC7B /* RecipeListViewController.swift in Sources */ = {isa = PBXBuildFile; fileRef = 93DAE1B2269A50AC0020CC7B /* RecipeListViewController.swift */; };
		93DAE1B5269A53BB0020CC7B /* RecipeCollectionViewCell.swift in Sources */ = {isa = PBXBuildFile; fileRef = 93DAE1B4269A53BB0020CC7B /* RecipeCollectionViewCell.swift */; };
/* End PBXBuildFile section */

/* Begin PBXFileReference section */
		935DCA73269A6F1000AD5FD5 /* RoundedImageView.swift */ = {isa = PBXFileReference; lastKnownFileType = sourcecode.swift; path = RoundedImageView.swift; sourceTree = "<group>"; };
		935DCA77269A70C700AD5FD5 /* Coordinator.swift */ = {isa = PBXFileReference; lastKnownFileType = sourcecode.swift; path = Coordinator.swift; sourceTree = "<group>"; };
		935DCA7B269A71AC00AD5FD5 /* AppCoordinator.swift */ = {isa = PBXFileReference; lastKnownFileType = sourcecode.swift; path = AppCoordinator.swift; sourceTree = "<group>"; };
		935DCA84269A769400AD5FD5 /* RecipeCoordinator.swift */ = {isa = PBXFileReference; lastKnownFileType = sourcecode.swift; path = RecipeCoordinator.swift; sourceTree = "<group>"; };
		935DCA87269A77EE00AD5FD5 /* RecipeListViewModel.swift */ = {isa = PBXFileReference; lastKnownFileType = sourcecode.swift; path = RecipeListViewModel.swift; sourceTree = "<group>"; };
		935DCA8A269A7B0000AD5FD5 /* String+Localization.swift */ = {isa = PBXFileReference; lastKnownFileType = sourcecode.swift; path = "String+Localization.swift"; sourceTree = "<group>"; };
		935DCA8D269A952D00AD5FD5 /* RecipeDetailViewController.swift */ = {isa = PBXFileReference; lastKnownFileType = sourcecode.swift; path = RecipeDetailViewController.swift; sourceTree = "<group>"; };
		935DCA90269A97C000AD5FD5 /* RecipeDetailViewModel.swift */ = {isa = PBXFileReference; lastKnownFileType = sourcecode.swift; path = RecipeDetailViewModel.swift; sourceTree = "<group>"; };
		935DCA92269A9DA000AD5FD5 /* RecipeDetailHeaderCell.swift */ = {isa = PBXFileReference; lastKnownFileType = sourcecode.swift; path = RecipeDetailHeaderCell.swift; sourceTree = "<group>"; };
		935DCA94269ABD6800AD5FD5 /* RecipeDetailMainDataCell.swift */ = {isa = PBXFileReference; lastKnownFileType = sourcecode.swift; path = RecipeDetailMainDataCell.swift; sourceTree = "<group>"; };
		935DCA97269AD49A00AD5FD5 /* RecipeDescriptionCell.swift */ = {isa = PBXFileReference; lastKnownFileType = sourcecode.swift; path = RecipeDescriptionCell.swift; sourceTree = "<group>"; };
		939FC812269C09010099DF9B /* ReusableView.swift */ = {isa = PBXFileReference; lastKnownFileType = sourcecode.swift; path = ReusableView.swift; sourceTree = "<group>"; };
		939FC816269C0A870099DF9B /* UILabel+Custom.swift */ = {isa = PBXFileReference; lastKnownFileType = sourcecode.swift; path = "UILabel+Custom.swift"; sourceTree = "<group>"; };
		939FC818269C10A40099DF9B /* RecipeIngredientCell.swift */ = {isa = PBXFileReference; lastKnownFileType = sourcecode.swift; path = RecipeIngredientCell.swift; sourceTree = "<group>"; };
		93DAE19B269A4E0A0020CC7B /* RecipApp.app */ = {isa = PBXFileReference; explicitFileType = wrapper.application; includeInIndex = 0; path = RecipApp.app; sourceTree = BUILT_PRODUCTS_DIR; };
		93DAE19E269A4E0A0020CC7B /* AppDelegate.swift */ = {isa = PBXFileReference; lastKnownFileType = sourcecode.swift; path = AppDelegate.swift; sourceTree = "<group>"; };
		93DAE1A0269A4E0A0020CC7B /* SceneDelegate.swift */ = {isa = PBXFileReference; lastKnownFileType = sourcecode.swift; path = SceneDelegate.swift; sourceTree = "<group>"; };
		93DAE1A7269A4E130020CC7B /* Assets.xcassets */ = {isa = PBXFileReference; lastKnownFileType = folder.assetcatalog; path = Assets.xcassets; sourceTree = "<group>"; };
		93DAE1AA269A4E130020CC7B /* Base */ = {isa = PBXFileReference; lastKnownFileType = file.storyboard; name = Base; path = Base.lproj/LaunchScreen.storyboard; sourceTree = "<group>"; };
		93DAE1AC269A4E130020CC7B /* Info.plist */ = {isa = PBXFileReference; lastKnownFileType = text.plist.xml; path = Info.plist; sourceTree = "<group>"; };
		93DAE1B2269A50AC0020CC7B /* RecipeListViewController.swift */ = {isa = PBXFileReference; lastKnownFileType = sourcecode.swift; path = RecipeListViewController.swift; sourceTree = "<group>"; };
		93DAE1B4269A53BB0020CC7B /* RecipeCollectionViewCell.swift */ = {isa = PBXFileReference; lastKnownFileType = sourcecode.swift; path = RecipeCollectionViewCell.swift; sourceTree = "<group>"; };
/* End PBXFileReference section */

/* Begin PBXFrameworksBuildPhase section */
		93DAE198269A4E0A0020CC7B /* Frameworks */ = {
			isa = PBXFrameworksBuildPhase;
			buildActionMask = 2147483647;
			files = (
			);
			runOnlyForDeploymentPostprocessing = 0;
		};
/* End PBXFrameworksBuildPhase section */

/* Begin PBXGroup section */
		935DCA75269A70B200AD5FD5 /* AppCoordinator */ = {
			isa = PBXGroup;
			children = (
				935DCA77269A70C700AD5FD5 /* Coordinator.swift */,
				935DCA7B269A71AC00AD5FD5 /* AppCoordinator.swift */,
			);
			path = AppCoordinator;
			sourceTree = "<group>";
		};
		935DCA7D269A73FA00AD5FD5 /* Scenes */ = {
			isa = PBXGroup;
			children = (
				935DCA7E269A73FD00AD5FD5 /* RecipeList */,
				935DCA8C269A94DA00AD5FD5 /* RecipeDetail */,
			);
			path = Scenes;
			sourceTree = "<group>";
		};
		935DCA7E269A73FD00AD5FD5 /* RecipeList */ = {
			isa = PBXGroup;
			children = (
				935DCA84269A769400AD5FD5 /* RecipeCoordinator.swift */,
				93DAE1B2269A50AC0020CC7B /* RecipeListViewController.swift */,
				935DCA87269A77EE00AD5FD5 /* RecipeListViewModel.swift */,
				93DAE1B4269A53BB0020CC7B /* RecipeCollectionViewCell.swift */,
			);
			path = RecipeList;
			sourceTree = "<group>";
		};
		935DCA7F269A744200AD5FD5 /* Commons */ = {
			isa = PBXGroup;
			children = (
				935DCA89269A7AE700AD5FD5 /* Extensions */,
				935DCA80269A744700AD5FD5 /* Views */,
				939FC814269C09460099DF9B /* Protocols */,
			);
			path = Commons;
			sourceTree = "<group>";
		};
		935DCA80269A744700AD5FD5 /* Views */ = {
			isa = PBXGroup;
			children = (
				935DCA73269A6F1000AD5FD5 /* RoundedImageView.swift */,
			);
			path = Views;
			sourceTree = "<group>";
		};
		935DCA83269A761300AD5FD5 /* Supporting Files */ = {
			isa = PBXGroup;
			children = (
				93DAE1AC269A4E130020CC7B /* Info.plist */,
				93DAE1A9269A4E130020CC7B /* LaunchScreen.storyboard */,
				93DAE1A7269A4E130020CC7B /* Assets.xcassets */,
			);
			path = "Supporting Files";
			sourceTree = "<group>";
		};
		935DCA89269A7AE700AD5FD5 /* Extensions */ = {
			isa = PBXGroup;
			children = (
				935DCA8A269A7B0000AD5FD5 /* String+Localization.swift */,
				939FC816269C0A870099DF9B /* UILabel+Custom.swift */,
			);
			path = Extensions;
			sourceTree = "<group>";
		};
		935DCA8C269A94DA00AD5FD5 /* RecipeDetail */ = {
			isa = PBXGroup;
			children = (
				935DCA8D269A952D00AD5FD5 /* RecipeDetailViewController.swift */,
				935DCA90269A97C000AD5FD5 /* RecipeDetailViewModel.swift */,
				935DCA96269AC63100AD5FD5 /* Cells */,
			);
			path = RecipeDetail;
			sourceTree = "<group>";
		};
		935DCA96269AC63100AD5FD5 /* Cells */ = {
			isa = PBXGroup;
			children = (
				935DCA92269A9DA000AD5FD5 /* RecipeDetailHeaderCell.swift */,
				935DCA94269ABD6800AD5FD5 /* RecipeDetailMainDataCell.swift */,
				935DCA97269AD49A00AD5FD5 /* RecipeDescriptionCell.swift */,
				939FC818269C10A40099DF9B /* RecipeIngredientCell.swift */,
			);
			path = Cells;
			sourceTree = "<group>";
		};
		939FC814269C09460099DF9B /* Protocols */ = {
			isa = PBXGroup;
			children = (
				939FC812269C09010099DF9B /* ReusableView.swift */,
			);
			path = Protocols;
			sourceTree = "<group>";
		};
		93DAE192269A4E090020CC7B = {
			isa = PBXGroup;
			children = (
				93DAE19D269A4E0A0020CC7B /* RecipApp */,
				93DAE19C269A4E0A0020CC7B /* Products */,
			);
			sourceTree = "<group>";
		};
		93DAE19C269A4E0A0020CC7B /* Products */ = {
			isa = PBXGroup;
			children = (
				93DAE19B269A4E0A0020CC7B /* RecipApp.app */,
			);
			name = Products;
			sourceTree = "<group>";
		};
		93DAE19D269A4E0A0020CC7B /* RecipApp */ = {
			isa = PBXGroup;
			children = (
				93DAE19E269A4E0A0020CC7B /* AppDelegate.swift */,
				93DAE1A0269A4E0A0020CC7B /* SceneDelegate.swift */,
				935DCA75269A70B200AD5FD5 /* AppCoordinator */,
				935DCA7D269A73FA00AD5FD5 /* Scenes */,
				935DCA7F269A744200AD5FD5 /* Commons */,
				935DCA83269A761300AD5FD5 /* Supporting Files */,
			);
			path = RecipApp;
			sourceTree = "<group>";
		};
/* End PBXGroup section */

/* Begin PBXNativeTarget section */
		93DAE19A269A4E0A0020CC7B /* RecipApp */ = {
			isa = PBXNativeTarget;
			buildConfigurationList = 93DAE1AF269A4E130020CC7B /* Build configuration list for PBXNativeTarget "RecipApp" */;
			buildPhases = (
				93DAE197269A4E0A0020CC7B /* Sources */,
				93DAE198269A4E0A0020CC7B /* Frameworks */,
				93DAE199269A4E0A0020CC7B /* Resources */,
			);
			buildRules = (
			);
			dependencies = (
			);
			name = RecipApp;
			productName = RecipApp;
			productReference = 93DAE19B269A4E0A0020CC7B /* RecipApp.app */;
			productType = "com.apple.product-type.application";
		};
/* End PBXNativeTarget section */

/* Begin PBXProject section */
		93DAE193269A4E090020CC7B /* Project object */ = {
			isa = PBXProject;
			attributes = {
				LastSwiftUpdateCheck = 1250;
				LastUpgradeCheck = 1250;
				TargetAttributes = {
					93DAE19A269A4E0A0020CC7B = {
						CreatedOnToolsVersion = 12.5.1;
					};
				};
			};
			buildConfigurationList = 93DAE196269A4E090020CC7B /* Build configuration list for PBXProject "RecipApp" */;
			compatibilityVersion = "Xcode 9.3";
			developmentRegion = en;
			hasScannedForEncodings = 0;
			knownRegions = (
				en,
				Base,
			);
			mainGroup = 93DAE192269A4E090020CC7B;
			productRefGroup = 93DAE19C269A4E0A0020CC7B /* Products */;
			projectDirPath = "";
			projectRoot = "";
			targets = (
				93DAE19A269A4E0A0020CC7B /* RecipApp */,
			);
		};
/* End PBXProject section */

/* Begin PBXResourcesBuildPhase section */
		93DAE199269A4E0A0020CC7B /* Resources */ = {
			isa = PBXResourcesBuildPhase;
			buildActionMask = 2147483647;
			files = (
				93DAE1AB269A4E130020CC7B /* LaunchScreen.storyboard in Resources */,
				93DAE1A8269A4E130020CC7B /* Assets.xcassets in Resources */,
			);
			runOnlyForDeploymentPostprocessing = 0;
		};
/* End PBXResourcesBuildPhase section */

/* Begin PBXSourcesBuildPhase section */
		93DAE197269A4E0A0020CC7B /* Sources */ = {
			isa = PBXSourcesBuildPhase;
			buildActionMask = 2147483647;
			files = (
				93DAE1B5269A53BB0020CC7B /* RecipeCollectionViewCell.swift in Sources */,
				93DAE19F269A4E0A0020CC7B /* AppDelegate.swift in Sources */,
				935DCA78269A70C700AD5FD5 /* Coordinator.swift in Sources */,
				935DCA74269A6F1000AD5FD5 /* RoundedImageView.swift in Sources */,
				935DCA91269A97C000AD5FD5 /* RecipeDetailViewModel.swift in Sources */,
				93DAE1A1269A4E0A0020CC7B /* SceneDelegate.swift in Sources */,
				93DAE1B3269A50AC0020CC7B /* RecipeListViewController.swift in Sources */,
				939FC817269C0A870099DF9B /* UILabel+Custom.swift in Sources */,
				935DCA95269ABD6800AD5FD5 /* RecipeDetailMainDataCell.swift in Sources */,
				935DCA85269A769400AD5FD5 /* RecipeCoordinator.swift in Sources */,
				935DCA8E269A952D00AD5FD5 /* RecipeDetailViewController.swift in Sources */,
				935DCA7C269A71AC00AD5FD5 /* AppCoordinator.swift in Sources */,
				939FC813269C09010099DF9B /* ReusableView.swift in Sources */,
				935DCA93269A9DA000AD5FD5 /* RecipeDetailHeaderCell.swift in Sources */,
				935DCA88269A77EE00AD5FD5 /* RecipeListViewModel.swift in Sources */,
				939FC819269C10A40099DF9B /* RecipeIngredientCell.swift in Sources */,
				935DCA98269AD49A00AD5FD5 /* RecipeDescriptionCell.swift in Sources */,
				935DCA8B269A7B0000AD5FD5 /* String+Localization.swift in Sources */,
			);
			runOnlyForDeploymentPostprocessing = 0;
		};
/* End PBXSourcesBuildPhase section */

/* Begin PBXVariantGroup section */
		93DAE1A9269A4E130020CC7B /* LaunchScreen.storyboard */ = {
			isa = PBXVariantGroup;
			children = (
				93DAE1AA269A4E130020CC7B /* Base */,
			);
			name = LaunchScreen.storyboard;
			sourceTree = "<group>";
		};
/* End PBXVariantGroup section */

/* Begin XCBuildConfiguration section */
		93DAE1AD269A4E130020CC7B /* Debug */ = {
			isa = XCBuildConfiguration;
			buildSettings = {
				ALWAYS_SEARCH_USER_PATHS = NO;
				CLANG_ANALYZER_NONNULL = YES;
				CLANG_ANALYZER_NUMBER_OBJECT_CONVERSION = YES_AGGRESSIVE;
				CLANG_CXX_LANGUAGE_STANDARD = "gnu++14";
				CLANG_CXX_LIBRARY = "libc++";
				CLANG_ENABLE_MODULES = YES;
				CLANG_ENABLE_OBJC_ARC = YES;
				CLANG_ENABLE_OBJC_WEAK = YES;
				CLANG_WARN_BLOCK_CAPTURE_AUTORELEASING = YES;
				CLANG_WARN_BOOL_CONVERSION = YES;
				CLANG_WARN_COMMA = YES;
				CLANG_WARN_CONSTANT_CONVERSION = YES;
				CLANG_WARN_DEPRECATED_OBJC_IMPLEMENTATIONS = YES;
				CLANG_WARN_DIRECT_OBJC_ISA_USAGE = YES_ERROR;
				CLANG_WARN_DOCUMENTATION_COMMENTS = YES;
				CLANG_WARN_EMPTY_BODY = YES;
				CLANG_WARN_ENUM_CONVERSION = YES;
				CLANG_WARN_INFINITE_RECURSION = YES;
				CLANG_WARN_INT_CONVERSION = YES;
				CLANG_WARN_NON_LITERAL_NULL_CONVERSION = YES;
				CLANG_WARN_OBJC_IMPLICIT_RETAIN_SELF = YES;
				CLANG_WARN_OBJC_LITERAL_CONVERSION = YES;
				CLANG_WARN_OBJC_ROOT_CLASS = YES_ERROR;
				CLANG_WARN_QUOTED_INCLUDE_IN_FRAMEWORK_HEADER = YES;
				CLANG_WARN_RANGE_LOOP_ANALYSIS = YES;
				CLANG_WARN_STRICT_PROTOTYPES = YES;
				CLANG_WARN_SUSPICIOUS_MOVE = YES;
				CLANG_WARN_UNGUARDED_AVAILABILITY = YES_AGGRESSIVE;
				CLANG_WARN_UNREACHABLE_CODE = YES;
				CLANG_WARN__DUPLICATE_METHOD_MATCH = YES;
				COPY_PHASE_STRIP = NO;
				DEBUG_INFORMATION_FORMAT = dwarf;
				ENABLE_STRICT_OBJC_MSGSEND = YES;
				ENABLE_TESTABILITY = YES;
				GCC_C_LANGUAGE_STANDARD = gnu11;
				GCC_DYNAMIC_NO_PIC = NO;
				GCC_NO_COMMON_BLOCKS = YES;
				GCC_OPTIMIZATION_LEVEL = 0;
				GCC_PREPROCESSOR_DEFINITIONS = (
					"DEBUG=1",
					"$(inherited)",
				);
				GCC_WARN_64_TO_32_BIT_CONVERSION = YES;
				GCC_WARN_ABOUT_RETURN_TYPE = YES_ERROR;
				GCC_WARN_UNDECLARED_SELECTOR = YES;
				GCC_WARN_UNINITIALIZED_AUTOS = YES_AGGRESSIVE;
				GCC_WARN_UNUSED_FUNCTION = YES;
				GCC_WARN_UNUSED_VARIABLE = YES;
				IPHONEOS_DEPLOYMENT_TARGET = 14.1;
				MTL_ENABLE_DEBUG_INFO = INCLUDE_SOURCE;
				MTL_FAST_MATH = YES;
				ONLY_ACTIVE_ARCH = YES;
				SDKROOT = iphoneos;
				SWIFT_ACTIVE_COMPILATION_CONDITIONS = DEBUG;
				SWIFT_OPTIMIZATION_LEVEL = "-Onone";
			};
			name = Debug;
		};
		93DAE1AE269A4E130020CC7B /* Release */ = {
			isa = XCBuildConfiguration;
			buildSettings = {
				ALWAYS_SEARCH_USER_PATHS = NO;
				CLANG_ANALYZER_NONNULL = YES;
				CLANG_ANALYZER_NUMBER_OBJECT_CONVERSION = YES_AGGRESSIVE;
				CLANG_CXX_LANGUAGE_STANDARD = "gnu++14";
				CLANG_CXX_LIBRARY = "libc++";
				CLANG_ENABLE_MODULES = YES;
				CLANG_ENABLE_OBJC_ARC = YES;
				CLANG_ENABLE_OBJC_WEAK = YES;
				CLANG_WARN_BLOCK_CAPTURE_AUTORELEASING = YES;
				CLANG_WARN_BOOL_CONVERSION = YES;
				CLANG_WARN_COMMA = YES;
				CLANG_WARN_CONSTANT_CONVERSION = YES;
				CLANG_WARN_DEPRECATED_OBJC_IMPLEMENTATIONS = YES;
				CLANG_WARN_DIRECT_OBJC_ISA_USAGE = YES_ERROR;
				CLANG_WARN_DOCUMENTATION_COMMENTS = YES;
				CLANG_WARN_EMPTY_BODY = YES;
				CLANG_WARN_ENUM_CONVERSION = YES;
				CLANG_WARN_INFINITE_RECURSION = YES;
				CLANG_WARN_INT_CONVERSION = YES;
				CLANG_WARN_NON_LITERAL_NULL_CONVERSION = YES;
				CLANG_WARN_OBJC_IMPLICIT_RETAIN_SELF = YES;
				CLANG_WARN_OBJC_LITERAL_CONVERSION = YES;
				CLANG_WARN_OBJC_ROOT_CLASS = YES_ERROR;
				CLANG_WARN_QUOTED_INCLUDE_IN_FRAMEWORK_HEADER = YES;
				CLANG_WARN_RANGE_LOOP_ANALYSIS = YES;
				CLANG_WARN_STRICT_PROTOTYPES = YES;
				CLANG_WARN_SUSPICIOUS_MOVE = YES;
				CLANG_WARN_UNGUARDED_AVAILABILITY = YES_AGGRESSIVE;
				CLANG_WARN_UNREACHABLE_CODE = YES;
				CLANG_WARN__DUPLICATE_METHOD_MATCH = YES;
				COPY_PHASE_STRIP = NO;
				DEBUG_INFORMATION_FORMAT = "dwarf-with-dsym";
				ENABLE_NS_ASSERTIONS = NO;
				ENABLE_STRICT_OBJC_MSGSEND = YES;
				GCC_C_LANGUAGE_STANDARD = gnu11;
				GCC_NO_COMMON_BLOCKS = YES;
				GCC_WARN_64_TO_32_BIT_CONVERSION = YES;
				GCC_WARN_ABOUT_RETURN_TYPE = YES_ERROR;
				GCC_WARN_UNDECLARED_SELECTOR = YES;
				GCC_WARN_UNINITIALIZED_AUTOS = YES_AGGRESSIVE;
				GCC_WARN_UNUSED_FUNCTION = YES;
				GCC_WARN_UNUSED_VARIABLE = YES;
				IPHONEOS_DEPLOYMENT_TARGET = 14.1;
				MTL_ENABLE_DEBUG_INFO = NO;
				MTL_FAST_MATH = YES;
				SDKROOT = iphoneos;
				SWIFT_COMPILATION_MODE = wholemodule;
				SWIFT_OPTIMIZATION_LEVEL = "-O";
				VALIDATE_PRODUCT = YES;
			};
			name = Release;
		};
		93DAE1B0269A4E130020CC7B /* Debug */ = {
			isa = XCBuildConfiguration;
			buildSettings = {
				ASSETCATALOG_COMPILER_APPICON_NAME = AppIcon;
				ASSETCATALOG_COMPILER_GLOBAL_ACCENT_COLOR_NAME = AccentColor;
				CODE_SIGN_STYLE = Automatic;
				DEVELOPMENT_TEAM = XZHL7XD48E;
				INFOPLIST_FILE = "RecipApp/Supporting Files/Info.plist";
				IPHONEOS_DEPLOYMENT_TARGET = 14.1;
				LD_RUNPATH_SEARCH_PATHS = (
					"$(inherited)",
					"@executable_path/Frameworks",
				);
				PRODUCT_BUNDLE_IDENTIFIER = com.lhl.RecipApp;
				PRODUCT_NAME = "$(TARGET_NAME)";
				SWIFT_VERSION = 5.0;
				TARGETED_DEVICE_FAMILY = "1,2";
			};
			name = Debug;
		};
		93DAE1B1269A4E130020CC7B /* Release */ = {
			isa = XCBuildConfiguration;
			buildSettings = {
				ASSETCATALOG_COMPILER_APPICON_NAME = AppIcon;
				ASSETCATALOG_COMPILER_GLOBAL_ACCENT_COLOR_NAME = AccentColor;
				CODE_SIGN_STYLE = Automatic;
				DEVELOPMENT_TEAM = XZHL7XD48E;
				INFOPLIST_FILE = "RecipApp/Supporting Files/Info.plist";
				IPHONEOS_DEPLOYMENT_TARGET = 14.1;
				LD_RUNPATH_SEARCH_PATHS = (
					"$(inherited)",
					"@executable_path/Frameworks",
				);
				PRODUCT_BUNDLE_IDENTIFIER = com.lhl.RecipApp;
				PRODUCT_NAME = "$(TARGET_NAME)";
				SWIFT_VERSION = 5.0;
				TARGETED_DEVICE_FAMILY = "1,2";
			};
			name = Release;
		};
/* End XCBuildConfiguration section */

/* Begin XCConfigurationList section */
		93DAE196269A4E090020CC7B /* Build configuration list for PBXProject "RecipApp" */ = {
			isa = XCConfigurationList;
			buildConfigurations = (
				93DAE1AD269A4E130020CC7B /* Debug */,
				93DAE1AE269A4E130020CC7B /* Release */,
			);
			defaultConfigurationIsVisible = 0;
			defaultConfigurationName = Release;
		};
		93DAE1AF269A4E130020CC7B /* Build configuration list for PBXNativeTarget "RecipApp" */ = {
			isa = XCConfigurationList;
			buildConfigurations = (
				93DAE1B0269A4E130020CC7B /* Debug */,
				93DAE1B1269A4E130020CC7B /* Release */,
			);
			defaultConfigurationIsVisible = 0;
			defaultConfigurationName = Release;
		};
/* End XCConfigurationList section */
	};
	rootObject = 93DAE193269A4E090020CC7B /* Project object */;
}
